// !$*UTF8*$!
{
	archiveVersion = 1;
	classes = {
	};
	objectVersion = 55;
	objects = {

/* Begin PBXBuildFile section */
		DF5F5F8D2747AF3A00822C71 /* FishPottApp.swift in Sources */ = {isa = PBXBuildFile; fileRef = DF5F5F8C2747AF3A00822C71 /* FishPottApp.swift */; };
		DF5F5F8F2747AF3A00822C71 /* ContentView.swift in Sources */ = {isa = PBXBuildFile; fileRef = DF5F5F8E2747AF3A00822C71 /* ContentView.swift */; };
		DF5F5F912747AF3D00822C71 /* Assets.xcassets in Resources */ = {isa = PBXBuildFile; fileRef = DF5F5F902747AF3D00822C71 /* Assets.xcassets */; };
		DF5F5F942747AF3D00822C71 /* Preview Assets.xcassets in Resources */ = {isa = PBXBuildFile; fileRef = DF5F5F932747AF3D00822C71 /* Preview Assets.xcassets */; };
		DF5F5F9D2748035700822C71 /* IntroCardView.swift in Sources */ = {isa = PBXBuildFile; fileRef = DF5F5F9C2748035700822C71 /* IntroCardView.swift */; };
		DF5F5F9F2748116900822C71 /* StartButtonView.swift in Sources */ = {isa = PBXBuildFile; fileRef = DF5F5F9E2748116900822C71 /* StartButtonView.swift */; };
		DF5F5FA1274817CC00822C71 /* OnboardingView.swift in Sources */ = {isa = PBXBuildFile; fileRef = DF5F5FA0274817CC00822C71 /* OnboardingView.swift */; };
		DF5F5FA42748ED2B00822C71 /* IntroModel.swift in Sources */ = {isa = PBXBuildFile; fileRef = DF5F5FA32748ED2B00822C71 /* IntroModel.swift */; };
		DF5F5FA72748F45A00822C71 /* IntroData.swift in Sources */ = {isa = PBXBuildFile; fileRef = DF5F5FA62748F45A00822C71 /* IntroData.swift */; };
/* End PBXBuildFile section */

/* Begin PBXFileReference section */
		DF5F5F892747AF3A00822C71 /* FishPott.app */ = {isa = PBXFileReference; explicitFileType = wrapper.application; includeInIndex = 0; path = FishPott.app; sourceTree = BUILT_PRODUCTS_DIR; };
		DF5F5F8C2747AF3A00822C71 /* FishPottApp.swift */ = {isa = PBXFileReference; lastKnownFileType = sourcecode.swift; path = FishPottApp.swift; sourceTree = "<group>"; };
		DF5F5F8E2747AF3A00822C71 /* ContentView.swift */ = {isa = PBXFileReference; lastKnownFileType = sourcecode.swift; path = ContentView.swift; sourceTree = "<group>"; };
		DF5F5F902747AF3D00822C71 /* Assets.xcassets */ = {isa = PBXFileReference; lastKnownFileType = folder.assetcatalog; path = Assets.xcassets; sourceTree = "<group>"; };
		DF5F5F932747AF3D00822C71 /* Preview Assets.xcassets */ = {isa = PBXFileReference; lastKnownFileType = folder.assetcatalog; path = "Preview Assets.xcassets"; sourceTree = "<group>"; };
		DF5F5F9C2748035700822C71 /* IntroCardView.swift */ = {isa = PBXFileReference; lastKnownFileType = sourcecode.swift; path = IntroCardView.swift; sourceTree = "<group>"; };
		DF5F5F9E2748116900822C71 /* StartButtonView.swift */ = {isa = PBXFileReference; lastKnownFileType = sourcecode.swift; path = StartButtonView.swift; sourceTree = "<group>"; };
		DF5F5FA0274817CC00822C71 /* OnboardingView.swift */ = {isa = PBXFileReference; lastKnownFileType = sourcecode.swift; path = OnboardingView.swift; sourceTree = "<group>"; };
		DF5F5FA32748ED2B00822C71 /* IntroModel.swift */ = {isa = PBXFileReference; lastKnownFileType = sourcecode.swift; path = IntroModel.swift; sourceTree = "<group>"; };
		DF5F5FA62748F45A00822C71 /* IntroData.swift */ = {isa = PBXFileReference; lastKnownFileType = sourcecode.swift; path = IntroData.swift; sourceTree = "<group>"; };
/* End PBXFileReference section */

/* Begin PBXFrameworksBuildPhase section */
		DF5F5F862747AF3A00822C71 /* Frameworks */ = {
			isa = PBXFrameworksBuildPhase;
			buildActionMask = 2147483647;
			files = (
			);
			runOnlyForDeploymentPostprocessing = 0;
		};
/* End PBXFrameworksBuildPhase section */

/* Begin PBXGroup section */
		DF5F5F802747AF3A00822C71 = {
			isa = PBXGroup;
			children = (
				DF5F5F8B2747AF3A00822C71 /* FishPott */,
				DF5F5F8A2747AF3A00822C71 /* Products */,
			);
			sourceTree = "<group>";
		};
		DF5F5F8A2747AF3A00822C71 /* Products */ = {
			isa = PBXGroup;
			children = (
				DF5F5F892747AF3A00822C71 /* FishPott.app */,
			);
			name = Products;
			sourceTree = "<group>";
		};
		DF5F5F8B2747AF3A00822C71 /* FishPott */ = {
			isa = PBXGroup;
			children = (
				DF5F5FA52748F44500822C71 /* Data */,
				DF5F5FA22748ED0A00822C71 /* Model */,
				DF5F5F9B274802B600822C71 /* View */,
				DF5F5F9A2747CCA300822C71 /* App */,
				DF5F5F902747AF3D00822C71 /* Assets.xcassets */,
				DF5F5F922747AF3D00822C71 /* Preview Content */,
			);
			path = FishPott;
			sourceTree = "<group>";
		};
		DF5F5F922747AF3D00822C71 /* Preview Content */ = {
			isa = PBXGroup;
			children = (
				DF5F5F932747AF3D00822C71 /* Preview Assets.xcassets */,
			);
			path = "Preview Content";
			sourceTree = "<group>";
		};
		DF5F5F9A2747CCA300822C71 /* App */ = {
			isa = PBXGroup;
			children = (
				DF5F5F8C2747AF3A00822C71 /* FishPottApp.swift */,
				DF5F5F8E2747AF3A00822C71 /* ContentView.swift */,
				DF5F5FA0274817CC00822C71 /* OnboardingView.swift */,
			);
			path = App;
			sourceTree = "<group>";
		};
		DF5F5F9B274802B600822C71 /* View */ = {
			isa = PBXGroup;
			children = (
				DF5F5F9C2748035700822C71 /* IntroCardView.swift */,
				DF5F5F9E2748116900822C71 /* StartButtonView.swift */,
			);
			path = View;
			sourceTree = "<group>";
		};
		DF5F5FA22748ED0A00822C71 /* Model */ = {
			isa = PBXGroup;
			children = (
				DF5F5FA32748ED2B00822C71 /* IntroModel.swift */,
			);
			path = Model;
			sourceTree = "<group>";
		};
		DF5F5FA52748F44500822C71 /* Data */ = {
			isa = PBXGroup;
			children = (
				DF5F5FA62748F45A00822C71 /* IntroData.swift */,
			);
			path = Data;
			sourceTree = "<group>";
		};
/* End PBXGroup section */

/* Begin PBXNativeTarget section */
		DF5F5F882747AF3A00822C71 /* FishPott */ = {
			isa = PBXNativeTarget;
			buildConfigurationList = DF5F5F972747AF3D00822C71 /* Build configuration list for PBXNativeTarget "FishPott" */;
			buildPhases = (
				DF5F5F852747AF3A00822C71 /* Sources */,
				DF5F5F862747AF3A00822C71 /* Frameworks */,
				DF5F5F872747AF3A00822C71 /* Resources */,
			);
			buildRules = (
			);
			dependencies = (
			);
			name = FishPott;
			productName = FishPott;
			productReference = DF5F5F892747AF3A00822C71 /* FishPott.app */;
			productType = "com.apple.product-type.application";
		};
/* End PBXNativeTarget section */

/* Begin PBXProject section */
		DF5F5F812747AF3A00822C71 /* Project object */ = {
			isa = PBXProject;
			attributes = {
				BuildIndependentTargetsInParallel = 1;
				LastSwiftUpdateCheck = 1310;
				LastUpgradeCheck = 1310;
				TargetAttributes = {
					DF5F5F882747AF3A00822C71 = {
						CreatedOnToolsVersion = 13.1;
					};
				};
			};
			buildConfigurationList = DF5F5F842747AF3A00822C71 /* Build configuration list for PBXProject "FishPott" */;
			compatibilityVersion = "Xcode 13.0";
			developmentRegion = en;
			hasScannedForEncodings = 0;
			knownRegions = (
				en,
				Base,
			);
			mainGroup = DF5F5F802747AF3A00822C71;
			productRefGroup = DF5F5F8A2747AF3A00822C71 /* Products */;
			projectDirPath = "";
			projectRoot = "";
			targets = (
				DF5F5F882747AF3A00822C71 /* FishPott */,
			);
		};
/* End PBXProject section */

/* Begin PBXResourcesBuildPhase section */
		DF5F5F872747AF3A00822C71 /* Resources */ = {
			isa = PBXResourcesBuildPhase;
			buildActionMask = 2147483647;
			files = (
				DF5F5F942747AF3D00822C71 /* Preview Assets.xcassets in Resources */,
				DF5F5F912747AF3D00822C71 /* Assets.xcassets in Resources */,
			);
			runOnlyForDeploymentPostprocessing = 0;
		};
/* End PBXResourcesBuildPhase section */

/* Begin PBXSourcesBuildPhase section */
		DF5F5F852747AF3A00822C71 /* Sources */ = {
			isa = PBXSourcesBuildPhase;
			buildActionMask = 2147483647;
			files = (
				DF5F5F8F2747AF3A00822C71 /* ContentView.swift in Sources */,
				DF5F5F9F2748116900822C71 /* StartButtonView.swift in Sources */,
				DF5F5F8D2747AF3A00822C71 /* FishPottApp.swift in Sources */,
				DF5F5FA1274817CC00822C71 /* OnboardingView.swift in Sources */,
				DF5F5FA42748ED2B00822C71 /* IntroModel.swift in Sources */,
				DF5F5F9D2748035700822C71 /* IntroCardView.swift in Sources */,
				DF5F5FA72748F45A00822C71 /* IntroData.swift in Sources */,
			);
			runOnlyForDeploymentPostprocessing = 0;
		};
/* End PBXSourcesBuildPhase section */

/* Begin XCBuildConfiguration section */
		DF5F5F952747AF3D00822C71 /* Debug */ = {
			isa = XCBuildConfiguration;
			buildSettings = {
				ALWAYS_SEARCH_USER_PATHS = NO;
				CLANG_ANALYZER_NONNULL = YES;
				CLANG_ANALYZER_NUMBER_OBJECT_CONVERSION = YES_AGGRESSIVE;
				CLANG_CXX_LANGUAGE_STANDARD = "gnu++17";
				CLANG_CXX_LIBRARY = "libc++";
				CLANG_ENABLE_MODULES = YES;
				CLANG_ENABLE_OBJC_ARC = YES;
				CLANG_ENABLE_OBJC_WEAK = YES;
				CLANG_WARN_BLOCK_CAPTURE_AUTORELEASING = YES;
				CLANG_WARN_BOOL_CONVERSION = YES;
				CLANG_WARN_COMMA = YES;
				CLANG_WARN_CONSTANT_CONVERSION = YES;
				CLANG_WARN_DEPRECATED_OBJC_IMPLEMENTATIONS = YES;
				CLANG_WARN_DIRECT_OBJC_ISA_USAGE = YES_ERROR;
				CLANG_WARN_DOCUMENTATION_COMMENTS = YES;
				CLANG_WARN_EMPTY_BODY = YES;
				CLANG_WARN_ENUM_CONVERSION = YES;
				CLANG_WARN_INFINITE_RECURSION = YES;
				CLANG_WARN_INT_CONVERSION = YES;
				CLANG_WARN_NON_LITERAL_NULL_CONVERSION = YES;
				CLANG_WARN_OBJC_IMPLICIT_RETAIN_SELF = YES;
				CLANG_WARN_OBJC_LITERAL_CONVERSION = YES;
				CLANG_WARN_OBJC_ROOT_CLASS = YES_ERROR;
				CLANG_WARN_QUOTED_INCLUDE_IN_FRAMEWORK_HEADER = YES;
				CLANG_WARN_RANGE_LOOP_ANALYSIS = YES;
				CLANG_WARN_STRICT_PROTOTYPES = YES;
				CLANG_WARN_SUSPICIOUS_MOVE = YES;
				CLANG_WARN_UNGUARDED_AVAILABILITY = YES_AGGRESSIVE;
				CLANG_WARN_UNREACHABLE_CODE = YES;
				CLANG_WARN__DUPLICATE_METHOD_MATCH = YES;
				COPY_PHASE_STRIP = NO;
				DEBUG_INFORMATION_FORMAT = dwarf;
				ENABLE_STRICT_OBJC_MSGSEND = YES;
				ENABLE_TESTABILITY = YES;
				GCC_C_LANGUAGE_STANDARD = gnu11;
				GCC_DYNAMIC_NO_PIC = NO;
				GCC_NO_COMMON_BLOCKS = YES;
				GCC_OPTIMIZATION_LEVEL = 0;
				GCC_PREPROCESSOR_DEFINITIONS = (
					"DEBUG=1",
					"$(inherited)",
				);
				GCC_WARN_64_TO_32_BIT_CONVERSION = YES;
				GCC_WARN_ABOUT_RETURN_TYPE = YES_ERROR;
				GCC_WARN_UNDECLARED_SELECTOR = YES;
				GCC_WARN_UNINITIALIZED_AUTOS = YES_AGGRESSIVE;
				GCC_WARN_UNUSED_FUNCTION = YES;
				GCC_WARN_UNUSED_VARIABLE = YES;
				IPHONEOS_DEPLOYMENT_TARGET = 15.0;
				MTL_ENABLE_DEBUG_INFO = INCLUDE_SOURCE;
				MTL_FAST_MATH = YES;
				ONLY_ACTIVE_ARCH = YES;
				SDKROOT = iphoneos;
				SWIFT_ACTIVE_COMPILATION_CONDITIONS = DEBUG;
				SWIFT_OPTIMIZATION_LEVEL = "-Onone";
			};
			name = Debug;
		};
		DF5F5F962747AF3D00822C71 /* Release */ = {
			isa = XCBuildConfiguration;
			buildSettings = {
				ALWAYS_SEARCH_USER_PATHS = NO;
				CLANG_ANALYZER_NONNULL = YES;
				CLANG_ANALYZER_NUMBER_OBJECT_CONVERSION = YES_AGGRESSIVE;
				CLANG_CXX_LANGUAGE_STANDARD = "gnu++17";
				CLANG_CXX_LIBRARY = "libc++";
				CLANG_ENABLE_MODULES = YES;
				CLANG_ENABLE_OBJC_ARC = YES;
				CLANG_ENABLE_OBJC_WEAK = YES;
				CLANG_WARN_BLOCK_CAPTURE_AUTORELEASING = YES;
				CLANG_WARN_BOOL_CONVERSION = YES;
				CLANG_WARN_COMMA = YES;
				CLANG_WARN_CONSTANT_CONVERSION = YES;
				CLANG_WARN_DEPRECATED_OBJC_IMPLEMENTATIONS = YES;
				CLANG_WARN_DIRECT_OBJC_ISA_USAGE = YES_ERROR;
				CLANG_WARN_DOCUMENTATION_COMMENTS = YES;
				CLANG_WARN_EMPTY_BODY = YES;
				CLANG_WARN_ENUM_CONVERSION = YES;
				CLANG_WARN_INFINITE_RECURSION = YES;
				CLANG_WARN_INT_CONVERSION = YES;
				CLANG_WARN_NON_LITERAL_NULL_CONVERSION = YES;
				CLANG_WARN_OBJC_IMPLICIT_RETAIN_SELF = YES;
				CLANG_WARN_OBJC_LITERAL_CONVERSION = YES;
				CLANG_WARN_OBJC_ROOT_CLASS = YES_ERROR;
				CLANG_WARN_QUOTED_INCLUDE_IN_FRAMEWORK_HEADER = YES;
				CLANG_WARN_RANGE_LOOP_ANALYSIS = YES;
				CLANG_WARN_STRICT_PROTOTYPES = YES;
				CLANG_WARN_SUSPICIOUS_MOVE = YES;
				CLANG_WARN_UNGUARDED_AVAILABILITY = YES_AGGRESSIVE;
				CLANG_WARN_UNREACHABLE_CODE = YES;
				CLANG_WARN__DUPLICATE_METHOD_MATCH = YES;
				COPY_PHASE_STRIP = NO;
				DEBUG_INFORMATION_FORMAT = "dwarf-with-dsym";
				ENABLE_NS_ASSERTIONS = NO;
				ENABLE_STRICT_OBJC_MSGSEND = YES;
				GCC_C_LANGUAGE_STANDARD = gnu11;
				GCC_NO_COMMON_BLOCKS = YES;
				GCC_WARN_64_TO_32_BIT_CONVERSION = YES;
				GCC_WARN_ABOUT_RETURN_TYPE = YES_ERROR;
				GCC_WARN_UNDECLARED_SELECTOR = YES;
				GCC_WARN_UNINITIALIZED_AUTOS = YES_AGGRESSIVE;
				GCC_WARN_UNUSED_FUNCTION = YES;
				GCC_WARN_UNUSED_VARIABLE = YES;
				IPHONEOS_DEPLOYMENT_TARGET = 15.0;
				MTL_ENABLE_DEBUG_INFO = NO;
				MTL_FAST_MATH = YES;
				SDKROOT = iphoneos;
				SWIFT_COMPILATION_MODE = wholemodule;
				SWIFT_OPTIMIZATION_LEVEL = "-O";
				VALIDATE_PRODUCT = YES;
			};
			name = Release;
		};
		DF5F5F982747AF3D00822C71 /* Debug */ = {
			isa = XCBuildConfiguration;
			buildSettings = {
				ASSETCATALOG_COMPILER_APPICON_NAME = AppIcon;
				ASSETCATALOG_COMPILER_GLOBAL_ACCENT_COLOR_NAME = AccentColor;
				CODE_SIGN_STYLE = Automatic;
				CURRENT_PROJECT_VERSION = 1;
				DEVELOPMENT_ASSET_PATHS = "\"FishPott/Preview Content\"";
				DEVELOPMENT_TEAM = AD23W3PT6L;
				ENABLE_PREVIEWS = YES;
				GENERATE_INFOPLIST_FILE = YES;
				INFOPLIST_KEY_UIApplicationSceneManifest_Generation = YES;
				INFOPLIST_KEY_UIApplicationSupportsIndirectInputEvents = YES;
				INFOPLIST_KEY_UILaunchScreen_Generation = YES;
				INFOPLIST_KEY_UISupportedInterfaceOrientations = UIInterfaceOrientationPortrait;
				INFOPLIST_KEY_UISupportedInterfaceOrientations_iPad = "UIInterfaceOrientationPortrait UIInterfaceOrientationPortraitUpsideDown UIInterfaceOrientationLandscapeLeft UIInterfaceOrientationLandscapeRight";
				INFOPLIST_KEY_UISupportedInterfaceOrientations_iPhone = "UIInterfaceOrientationPortrait UIInterfaceOrientationLandscapeLeft UIInterfaceOrientationLandscapeRight";
				IPHONEOS_DEPLOYMENT_TARGET = 14.0;
				LD_RUNPATH_SEARCH_PATHS = (
					"$(inherited)",
					"@executable_path/Frameworks",
				);
				MARKETING_VERSION = 1.0;
				PRODUCT_BUNDLE_IDENTIFIER = com.fishpott.FishPott;
				PRODUCT_NAME = "$(TARGET_NAME)";
				SWIFT_EMIT_LOC_STRINGS = YES;
				SWIFT_VERSION = 5.0;
				TARGETED_DEVICE_FAMILY = "1,2";
			};
			name = Debug;
		};
		DF5F5F992747AF3D00822C71 /* Release */ = {
			isa = XCBuildConfiguration;
			buildSettings = {
				ASSETCATALOG_COMPILER_APPICON_NAME = AppIcon;
				ASSETCATALOG_COMPILER_GLOBAL_ACCENT_COLOR_NAME = AccentColor;
				CODE_SIGN_STYLE = Automatic;
				CURRENT_PROJECT_VERSION = 1;
				DEVELOPMENT_ASSET_PATHS = "\"FishPott/Preview Content\"";
				DEVELOPMENT_TEAM = AD23W3PT6L;
				ENABLE_PREVIEWS = YES;
				GENERATE_INFOPLIST_FILE = YES;
				INFOPLIST_KEY_UIApplicationSceneManifest_Generation = YES;
				INFOPLIST_KEY_UIApplicationSupportsIndirectInputEvents = YES;
				INFOPLIST_KEY_UILaunchScreen_Generation = YES;
				INFOPLIST_KEY_UISupportedInterfaceOrientations = UIInterfaceOrientationPortrait;
				INFOPLIST_KEY_UISupportedInterfaceOrientations_iPad = "UIInterfaceOrientationPortrait UIInterfaceOrientationPortraitUpsideDown UIInterfaceOrientationLandscapeLeft UIInterfaceOrientationLandscapeRight";
				INFOPLIST_KEY_UISupportedInterfaceOrientations_iPhone = "UIInterfaceOrientationPortrait UIInterfaceOrientationLandscapeLeft UIInterfaceOrientationLandscapeRight";
				IPHONEOS_DEPLOYMENT_TARGET = 14.0;
				LD_RUNPATH_SEARCH_PATHS = (
					"$(inherited)",
					"@executable_path/Frameworks",
				);
				MARKETING_VERSION = 1.0;
				PRODUCT_BUNDLE_IDENTIFIER = com.fishpott.FishPott;
				PRODUCT_NAME = "$(TARGET_NAME)";
				SWIFT_EMIT_LOC_STRINGS = YES;
				SWIFT_VERSION = 5.0;
				TARGETED_DEVICE_FAMILY = "1,2";
			};
			name = Release;
		};
/* End XCBuildConfiguration section */

/* Begin XCConfigurationList section */
		DF5F5F842747AF3A00822C71 /* Build configuration list for PBXProject "FishPott" */ = {
			isa = XCConfigurationList;
			buildConfigurations = (
				DF5F5F952747AF3D00822C71 /* Debug */,
				DF5F5F962747AF3D00822C71 /* Release */,
			);
			defaultConfigurationIsVisible = 0;
			defaultConfigurationName = Release;
		};
		DF5F5F972747AF3D00822C71 /* Build configuration list for PBXNativeTarget "FishPott" */ = {
			isa = XCConfigurationList;
			buildConfigurations = (
				DF5F5F982747AF3D00822C71 /* Debug */,
				DF5F5F992747AF3D00822C71 /* Release */,
			);
			defaultConfigurationIsVisible = 0;
			defaultConfigurationName = Release;
		};
/* End XCConfigurationList section */
	};
	rootObject = DF5F5F812747AF3A00822C71 /* Project object */;
}
